
Microsoft Visual Studio Solution File, Format Version 11.00
# Visual Studio 2010
Project("{6989167D-11E4-40FE-8C1A-2192A86A7E90}") = "EMSL", "EMSL\EMSL.vfproj", "{2054D7CB-B74A-4269-BB8C-2460AA117953}"
EndProject
Global
	GlobalSection(SolutionConfigurationPlatforms) = preSolution
		Debug|Win32 = Debug|Win32
		Release|Win32 = Release|Win32
	EndGlobalSection
	GlobalSection(ProjectConfigurationPlatforms) = postSolution
		{2054D7CB-B74A-4269-BB8C-2460AA117953}.Debug|Win32.ActiveCfg = Debug|Win32
		{2054D7CB-B74A-4269-BB8C-2460AA117953}.Debug|Win32.Build.0 = Debug|Win32
		{2054D7CB-B74A-4269-BB8C-2460AA117953}.Release|Win32.ActiveCfg = Release|Win32
		{2054D7CB-B74A-4269-BB8C-2460AA117953}.Release|Win32.Build.0 = Release|Win32
	EndGlobalSection
	GlobalSection(SolutionProperties) = preSolution
		HideSolutionNode = FALSE
	EndGlobalSection
EndGlobal
